
Microsoft Visual Studio Solution File, Format Version 12.00
# Visual Studio 15
VisualStudioVersion = 15.0.27004.2009
MinimumVisualStudioVersion = 10.0.40219.1
Project("{9A19103F-16F7-4668-BE54-9A1E7A4F7556}") = "Atividade1POO", "Atividade1POO\Atividade1POO.csproj", "{5B4A2802-3A46-41D2-9BC9-741E7B80D733}"
EndProject
Project("{9A19103F-16F7-4668-BE54-9A1E7A4F7556}") = "AppAtividade1POO", "AppAtividade1POO\AppAtividade1POO.csproj", "{14FF2505-D6AA-4461-8D06-BC6E59932E3B}"
EndProject
Project("{FAE04EC0-301F-11D3-BF4B-00C04F79EFBC}") = "Entidades", "Entidades\Entidades.csproj", "{354D5562-D5E8-43B8-8101-72A39A137196}"
EndProject
Project("{FAE04EC0-301F-11D3-BF4B-00C04F79EFBC}") = "Atividade2EFCore", "Atividade2EFCore\Atividade2EFCore.csproj", "{A258C17F-CC53-417E-9F2F-7B96CC14059C}"
EndProject
Global
	GlobalSection(SolutionConfigurationPlatforms) = preSolution
		Debug|Any CPU = Debug|Any CPU
		Release|Any CPU = Release|Any CPU
	EndGlobalSection
	GlobalSection(ProjectConfigurationPlatforms) = postSolution
		{5B4A2802-3A46-41D2-9BC9-741E7B80D733}.Debug|Any CPU.ActiveCfg = Debug|Any CPU
		{5B4A2802-3A46-41D2-9BC9-741E7B80D733}.Debug|Any CPU.Build.0 = Debug|Any CPU
		{5B4A2802-3A46-41D2-9BC9-741E7B80D733}.Release|Any CPU.ActiveCfg = Release|Any CPU
		{5B4A2802-3A46-41D2-9BC9-741E7B80D733}.Release|Any CPU.Build.0 = Release|Any CPU
		{14FF2505-D6AA-4461-8D06-BC6E59932E3B}.Debug|Any CPU.ActiveCfg = Debug|Any CPU
		{14FF2505-D6AA-4461-8D06-BC6E59932E3B}.Debug|Any CPU.Build.0 = Debug|Any CPU
		{14FF2505-D6AA-4461-8D06-BC6E59932E3B}.Release|Any CPU.ActiveCfg = Release|Any CPU
		{14FF2505-D6AA-4461-8D06-BC6E59932E3B}.Release|Any CPU.Build.0 = Release|Any CPU
		{354D5562-D5E8-43B8-8101-72A39A137196}.Debug|Any CPU.ActiveCfg = Debug|Any CPU
		{354D5562-D5E8-43B8-8101-72A39A137196}.Debug|Any CPU.Build.0 = Debug|Any CPU
		{354D5562-D5E8-43B8-8101-72A39A137196}.Release|Any CPU.ActiveCfg = Release|Any CPU
		{354D5562-D5E8-43B8-8101-72A39A137196}.Release|Any CPU.Build.0 = Release|Any CPU
		{A258C17F-CC53-417E-9F2F-7B96CC14059C}.Debug|Any CPU.ActiveCfg = Debug|Any CPU
		{A258C17F-CC53-417E-9F2F-7B96CC14059C}.Debug|Any CPU.Build.0 = Debug|Any CPU
		{A258C17F-CC53-417E-9F2F-7B96CC14059C}.Release|Any CPU.ActiveCfg = Release|Any CPU
		{A258C17F-CC53-417E-9F2F-7B96CC14059C}.Release|Any CPU.Build.0 = Release|Any CPU
	EndGlobalSection
	GlobalSection(SolutionProperties) = preSolution
		HideSolutionNode = FALSE
	EndGlobalSection
	GlobalSection(ExtensibilityGlobals) = postSolution
		SolutionGuid = {F9AF287F-23F0-4845-A161-8C9416605EE3}
	EndGlobalSection
EndGlobal
